
Microsoft Visual Studio Solution File, Format Version 12.00
# Visual Studio 15
VisualStudioVersion = 15.0.26403.0
MinimumVisualStudioVersion = 10.0.40219.1
Project("{FAE04EC0-301F-11D3-BF4B-00C04F79EFBC}") = "Baldr", "Baldr\Baldr.csproj", "{954FC73C-37E1-4992-B49A-04D697616353}"
EndProject
Project("{FAE04EC0-301F-11D3-BF4B-00C04F79EFBC}") = "Core", "Core\Core\Core.csproj", "{A51CD7B2-8A4D-4424-962C-73FC90DD3ED2}"
EndProject
Project("{FAE04EC0-301F-11D3-BF4B-00C04F79EFBC}") = "Core.Tests", "Core\Core.Tests\Core.Tests.csproj", "{3AA0C882-50C4-4606-BA3A-2126F487CF97}"
EndProject
Project("{FAE04EC0-301F-11D3-BF4B-00C04F79EFBC}") = "Baldr.IntegrationTests", "Baldr.IntegrationTests\Baldr.IntegrationTests.csproj", "{8020EC22-5681-4051-85E8-18F93559D72E}"
EndProject
Global
	GlobalSection(SolutionConfigurationPlatforms) = preSolution
		Debug|Any CPU = Debug|Any CPU
		Release|Any CPU = Release|Any CPU
	EndGlobalSection
	GlobalSection(ProjectConfigurationPlatforms) = postSolution
		{954FC73C-37E1-4992-B49A-04D697616353}.Debug|Any CPU.ActiveCfg = Debug|Any CPU
		{954FC73C-37E1-4992-B49A-04D697616353}.Debug|Any CPU.Build.0 = Debug|Any CPU
		{954FC73C-37E1-4992-B49A-04D697616353}.Release|Any CPU.ActiveCfg = Release|Any CPU
		{954FC73C-37E1-4992-B49A-04D697616353}.Release|Any CPU.Build.0 = Release|Any CPU
		{A51CD7B2-8A4D-4424-962C-73FC90DD3ED2}.Debug|Any CPU.ActiveCfg = Debug|Any CPU
		{A51CD7B2-8A4D-4424-962C-73FC90DD3ED2}.Debug|Any CPU.Build.0 = Debug|Any CPU
		{A51CD7B2-8A4D-4424-962C-73FC90DD3ED2}.Release|Any CPU.ActiveCfg = Release|Any CPU
		{A51CD7B2-8A4D-4424-962C-73FC90DD3ED2}.Release|Any CPU.Build.0 = Release|Any CPU
		{3AA0C882-50C4-4606-BA3A-2126F487CF97}.Debug|Any CPU.ActiveCfg = Debug|Any CPU
		{3AA0C882-50C4-4606-BA3A-2126F487CF97}.Debug|Any CPU.Build.0 = Debug|Any CPU
		{3AA0C882-50C4-4606-BA3A-2126F487CF97}.Release|Any CPU.ActiveCfg = Release|Any CPU
		{3AA0C882-50C4-4606-BA3A-2126F487CF97}.Release|Any CPU.Build.0 = Release|Any CPU
		{8020EC22-5681-4051-85E8-18F93559D72E}.Debug|Any CPU.ActiveCfg = Debug|Any CPU
		{8020EC22-5681-4051-85E8-18F93559D72E}.Debug|Any CPU.Build.0 = Debug|Any CPU
		{8020EC22-5681-4051-85E8-18F93559D72E}.Release|Any CPU.ActiveCfg = Release|Any CPU
		{8020EC22-5681-4051-85E8-18F93559D72E}.Release|Any CPU.Build.0 = Release|Any CPU
	EndGlobalSection
	GlobalSection(SolutionProperties) = preSolution
		HideSolutionNode = FALSE
	EndGlobalSection
EndGlobal
