
Microsoft Visual Studio Solution File, Format Version 12.00
# Visual Studio 15
VisualStudioVersion = 15.0.26403.7
MinimumVisualStudioVersion = 10.0.40219.1
Project("{FAE04EC0-301F-11D3-BF4B-00C04F79EFBC}") = "Core", "Core\Core\Core.csproj", "{A51CD7B2-8A4D-4424-962C-73FC90DD3ED2}"
EndProject
Project("{FAE04EC0-301F-11D3-BF4B-00C04F79EFBC}") = "Core.Tests", "Core\Core.Tests\Core.Tests.csproj", "{3AA0C882-50C4-4606-BA3A-2126F487CF97}"
EndProject
Project("{9A19103F-16F7-4668-BE54-9A1E7A4F7556}") = "Baldr.Api", "Baldr\Baldr\Baldr.Api.csproj", "{B9B91821-8C09-4AAA-A650-5D1A221C0829}"
EndProject
Project("{9A19103F-16F7-4668-BE54-9A1E7A4F7556}") = "Baldr.Api.Tests", "Baldr\Baldr.Tests\Baldr.Api.Tests.csproj", "{3C1FC789-8BE8-44A4-BC40-98B690E88F60}"
EndProject
Project("{9A19103F-16F7-4668-BE54-9A1E7A4F7556}") = "Baldr.Web", "Baldr\Baldr.Web\Baldr.Web.csproj", "{8830F69E-5FA7-4927-B478-D72BA57E1299}"
EndProject
Project("{9A19103F-16F7-4668-BE54-9A1E7A4F7556}") = "Baldr.Web.Tests", "Baldr\Baldr.Web.Tests\Baldr.Web.Tests.csproj", "{8C52F3A4-805E-4760-9130-F7AB6CAADE43}"
EndProject
Global
	GlobalSection(SolutionConfigurationPlatforms) = preSolution
		Debug|Any CPU = Debug|Any CPU
		Release|Any CPU = Release|Any CPU
	EndGlobalSection
	GlobalSection(ProjectConfigurationPlatforms) = postSolution
		{A51CD7B2-8A4D-4424-962C-73FC90DD3ED2}.Debug|Any CPU.ActiveCfg = Debug|Any CPU
		{A51CD7B2-8A4D-4424-962C-73FC90DD3ED2}.Debug|Any CPU.Build.0 = Debug|Any CPU
		{A51CD7B2-8A4D-4424-962C-73FC90DD3ED2}.Release|Any CPU.ActiveCfg = Release|Any CPU
		{A51CD7B2-8A4D-4424-962C-73FC90DD3ED2}.Release|Any CPU.Build.0 = Release|Any CPU
		{3AA0C882-50C4-4606-BA3A-2126F487CF97}.Debug|Any CPU.ActiveCfg = Debug|Any CPU
		{3AA0C882-50C4-4606-BA3A-2126F487CF97}.Debug|Any CPU.Build.0 = Debug|Any CPU
		{3AA0C882-50C4-4606-BA3A-2126F487CF97}.Release|Any CPU.ActiveCfg = Release|Any CPU
		{3AA0C882-50C4-4606-BA3A-2126F487CF97}.Release|Any CPU.Build.0 = Release|Any CPU
		{B9B91821-8C09-4AAA-A650-5D1A221C0829}.Debug|Any CPU.ActiveCfg = Debug|Any CPU
		{B9B91821-8C09-4AAA-A650-5D1A221C0829}.Debug|Any CPU.Build.0 = Debug|Any CPU
		{B9B91821-8C09-4AAA-A650-5D1A221C0829}.Release|Any CPU.ActiveCfg = Release|Any CPU
		{B9B91821-8C09-4AAA-A650-5D1A221C0829}.Release|Any CPU.Build.0 = Release|Any CPU
		{3C1FC789-8BE8-44A4-BC40-98B690E88F60}.Debug|Any CPU.ActiveCfg = Debug|Any CPU
		{3C1FC789-8BE8-44A4-BC40-98B690E88F60}.Debug|Any CPU.Build.0 = Debug|Any CPU
		{3C1FC789-8BE8-44A4-BC40-98B690E88F60}.Release|Any CPU.ActiveCfg = Release|Any CPU
		{3C1FC789-8BE8-44A4-BC40-98B690E88F60}.Release|Any CPU.Build.0 = Release|Any CPU
		{8830F69E-5FA7-4927-B478-D72BA57E1299}.Debug|Any CPU.ActiveCfg = Debug|Any CPU
		{8830F69E-5FA7-4927-B478-D72BA57E1299}.Debug|Any CPU.Build.0 = Debug|Any CPU
		{8830F69E-5FA7-4927-B478-D72BA57E1299}.Release|Any CPU.ActiveCfg = Release|Any CPU
		{8830F69E-5FA7-4927-B478-D72BA57E1299}.Release|Any CPU.Build.0 = Release|Any CPU
		{8C52F3A4-805E-4760-9130-F7AB6CAADE43}.Debug|Any CPU.ActiveCfg = Debug|Any CPU
		{8C52F3A4-805E-4760-9130-F7AB6CAADE43}.Debug|Any CPU.Build.0 = Debug|Any CPU
		{8C52F3A4-805E-4760-9130-F7AB6CAADE43}.Release|Any CPU.ActiveCfg = Release|Any CPU
		{8C52F3A4-805E-4760-9130-F7AB6CAADE43}.Release|Any CPU.Build.0 = Release|Any CPU
	EndGlobalSection
	GlobalSection(SolutionProperties) = preSolution
		HideSolutionNode = FALSE
	EndGlobalSection
EndGlobal
